
Microsoft Visual Studio Solution File, Format Version 12.00
# Visual Studio Version 16
VisualStudioVersion = 16.0.31129.286
MinimumVisualStudioVersion = 10.0.40219.1
Project("{FAE04EC0-301F-11D3-BF4B-00C04F79EFBC}") = "Parser2.0", "Parser2.0\Parser2.0.csproj", "{D8AD5027-093D-422A-9109-FCA62CFD6A2C}"
EndProject
Project("{2150E333-8FDC-42A3-9474-1A3956D46DE8}") = "Solution Items", "Solution Items", "{347E9B37-C9F1-4ADD-BE3C-60FBDAE8318B}"
	ProjectSection(SolutionItems) = preProject
		.editorconfig = .editorconfig
	EndProjectSection
EndProject
Global
	GlobalSection(SolutionConfigurationPlatforms) = preSolution
		Debug|Any CPU = Debug|Any CPU
		Debug|x64 = Debug|x64
		Release|Any CPU = Release|Any CPU
		Release|x64 = Release|x64
	EndGlobalSection
	GlobalSection(ProjectConfigurationPlatforms) = postSolution
		{D8AD5027-093D-422A-9109-FCA62CFD6A2C}.Debug|Any CPU.ActiveCfg = Debug|Any CPU
		{D8AD5027-093D-422A-9109-FCA62CFD6A2C}.Debug|Any CPU.Build.0 = Debug|Any CPU
		{D8AD5027-093D-422A-9109-FCA62CFD6A2C}.Debug|x64.ActiveCfg = Debug|x64
		{D8AD5027-093D-422A-9109-FCA62CFD6A2C}.Debug|x64.Build.0 = Debug|x64
		{D8AD5027-093D-422A-9109-FCA62CFD6A2C}.Release|Any CPU.ActiveCfg = Release|Any CPU
		{D8AD5027-093D-422A-9109-FCA62CFD6A2C}.Release|Any CPU.Build.0 = Release|Any CPU
		{D8AD5027-093D-422A-9109-FCA62CFD6A2C}.Release|x64.ActiveCfg = Release|x64
		{D8AD5027-093D-422A-9109-FCA62CFD6A2C}.Release|x64.Build.0 = Release|x64
	EndGlobalSection
	GlobalSection(SolutionProperties) = preSolution
		HideSolutionNode = FALSE
	EndGlobalSection
	GlobalSection(ExtensibilityGlobals) = postSolution
		SolutionGuid = {E0B73D81-1135-41AA-96AA-E65E10D7B050}
	EndGlobalSection
EndGlobal
